{
  "format_version": 3,
  "reproducible": true,
  "dependencies": {
    "ffrwd/wasm": "0.19.1",
    "ffrwd/vad": "0.2.1"
  },
  "packages": [
    {
      "kind": "registry",
      "name": "ffrwd/wasm",
      "version": "0.19.1",
      "sha256": "54d20fc2410153d3296c6ce7501868785fe55d1fb91cfcc69cc3685d386acfc2",
      "store": "v1/54/54d20fc2410153d3296c6ce7501868785fe55d1fb91cfcc69cc3685d386acfc2"
    },
    {
      "kind": "registry",
      "name": "ffrwd/vad",
      "version": "0.2.1",
      "sha256": "53f8f25f5d054ecdf149f2890b8317cfb1bd0c95f81d2e30755ea4454f97ee8a",
      "store": "v1/53/53f8f25f5d054ecdf149f2890b8317cfb1bd0c95f81d2e30755ea4454f97ee8a",
      "dependencies": {
        "ffrwd/wasm": "0.19.1"
      }
    }
  ]
}
